
Microsoft Visual Studio Solution File, Format Version 12.00
# Visual Studio Version 17
VisualStudioVersion = 17.8.34330.188
MinimumVisualStudioVersion = 10.0.40219.1
Project("{FAE04EC0-301F-11D3-BF4B-00C04F79EFBC}") = "API_2", "API_2\API_2.csproj", "{DE5581F8-8070-4449-9807-77B4B15DD868}"
EndProject
Global
	GlobalSection(SolutionConfigurationPlatforms) = preSolution
		Debug|Any CPU = Debug|Any CPU
		Release|Any CPU = Release|Any CPU
	EndGlobalSection
	GlobalSection(ProjectConfigurationPlatforms) = postSolution
		{DE5581F8-8070-4449-9807-77B4B15DD868}.Debug|Any CPU.ActiveCfg = Debug|Any CPU
		{DE5581F8-8070-4449-9807-77B4B15DD868}.Debug|Any CPU.Build.0 = Debug|Any CPU
		{DE5581F8-8070-4449-9807-77B4B15DD868}.Release|Any CPU.ActiveCfg = Release|Any CPU
		{DE5581F8-8070-4449-9807-77B4B15DD868}.Release|Any CPU.Build.0 = Release|Any CPU
	EndGlobalSection
	GlobalSection(SolutionProperties) = preSolution
		HideSolutionNode = FALSE
	EndGlobalSection
	GlobalSection(ExtensibilityGlobals) = postSolution
		SolutionGuid = {E68A742C-CF15-464C-90DD-D22906C74702}
	EndGlobalSection
EndGlobal
